
Microsoft Visual Studio Solution File, Format Version 12.00
# Visual Studio Version 16
VisualStudioVersion = 16.0.29613.14
MinimumVisualStudioVersion = 10.0.40219.1
Project("{9A19103F-16F7-4668-BE54-9A1E7A4F7556}") = "AnyCache.Providers.Redis", "AnyCache.Providers.Redis\AnyCache.Providers.Redis.csproj", "{88C4DE90-45FD-4133-9132-7F14605558E3}"
EndProject
Project("{FAE04EC0-301F-11D3-BF4B-00C04F79EFBC}") = "AnyCache.Providers.Redis.Tests", "AnyCache.Providers.Redis.Tests\AnyCache.Providers.Redis.Tests.csproj", "{7AE1CE00-E215-4DC7-8D46-CE1E8BF0087E}"
EndProject
Global
	GlobalSection(SolutionConfigurationPlatforms) = preSolution
		Debug|Any CPU = Debug|Any CPU
		Release|Any CPU = Release|Any CPU
	EndGlobalSection
	GlobalSection(ProjectConfigurationPlatforms) = postSolution
		{88C4DE90-45FD-4133-9132-7F14605558E3}.Debug|Any CPU.ActiveCfg = Debug|Any CPU
		{88C4DE90-45FD-4133-9132-7F14605558E3}.Debug|Any CPU.Build.0 = Debug|Any CPU
		{88C4DE90-45FD-4133-9132-7F14605558E3}.Release|Any CPU.ActiveCfg = Release|Any CPU
		{88C4DE90-45FD-4133-9132-7F14605558E3}.Release|Any CPU.Build.0 = Release|Any CPU
		{7AE1CE00-E215-4DC7-8D46-CE1E8BF0087E}.Debug|Any CPU.ActiveCfg = Debug|Any CPU
		{7AE1CE00-E215-4DC7-8D46-CE1E8BF0087E}.Debug|Any CPU.Build.0 = Debug|Any CPU
		{7AE1CE00-E215-4DC7-8D46-CE1E8BF0087E}.Release|Any CPU.ActiveCfg = Release|Any CPU
		{7AE1CE00-E215-4DC7-8D46-CE1E8BF0087E}.Release|Any CPU.Build.0 = Release|Any CPU
	EndGlobalSection
	GlobalSection(SolutionProperties) = preSolution
		HideSolutionNode = FALSE
	EndGlobalSection
	GlobalSection(ExtensibilityGlobals) = postSolution
		SolutionGuid = {90C0FF7E-612B-45F2-9739-5914F95D3956}
	EndGlobalSection
EndGlobal
